// !$*UTF8*$!
{
	archiveVersion = 1;
	classes = {
	};
	objectVersion = 55;
	objects = {

/* Begin PBXBuildFile section */
		E7541293283509EE0050D7E8 /* SplashViewModel.swift in Sources */ = {isa = PBXBuildFile; fileRef = E7541292283509EE0050D7E8 /* SplashViewModel.swift */; };
		E77EF79F283466FB008F1204 /* Habit_App.swift in Sources */ = {isa = PBXBuildFile; fileRef = E77EF78F283466FA008F1204 /* Habit_App.swift */; };
		E77EF7A0283466FB008F1204 /* Habit_App.swift in Sources */ = {isa = PBXBuildFile; fileRef = E77EF78F283466FA008F1204 /* Habit_App.swift */; };
		E77EF7A3283466FB008F1204 /* Assets.xcassets in Resources */ = {isa = PBXBuildFile; fileRef = E77EF791283466FB008F1204 /* Assets.xcassets */; };
		E77EF7A4283466FB008F1204 /* Assets.xcassets in Resources */ = {isa = PBXBuildFile; fileRef = E77EF791283466FB008F1204 /* Assets.xcassets */; };
		E77EF7B228346801008F1204 /* SplashView.swift in Sources */ = {isa = PBXBuildFile; fileRef = E77EF7B128346801008F1204 /* SplashView.swift */; };
		E77EF7B4283468F4008F1204 /* SplashUIState.swift in Sources */ = {isa = PBXBuildFile; fileRef = E77EF7B3283468F4008F1204 /* SplashUIState.swift */; };
		E7AF60D228356D33008FA495 /* SignInView.swift in Sources */ = {isa = PBXBuildFile; fileRef = E7AF60D128356D33008FA495 /* SignInView.swift */; };
		E7AF60D428356DA0008FA495 /* SignInViewModel.swift in Sources */ = {isa = PBXBuildFile; fileRef = E7AF60D328356DA0008FA495 /* SignInViewModel.swift */; };
		E7AF60D628356E94008FA495 /* SplashViewRouter.swift in Sources */ = {isa = PBXBuildFile; fileRef = E7AF60D528356E94008FA495 /* SplashViewRouter.swift */; };
/* End PBXBuildFile section */

/* Begin PBXFileReference section */
		E7541292283509EE0050D7E8 /* SplashViewModel.swift */ = {isa = PBXFileReference; lastKnownFileType = sourcecode.swift; path = SplashViewModel.swift; sourceTree = "<group>"; };
		E77EF78F283466FA008F1204 /* Habit_App.swift */ = {isa = PBXFileReference; lastKnownFileType = sourcecode.swift; path = Habit_App.swift; sourceTree = "<group>"; };
		E77EF791283466FB008F1204 /* Assets.xcassets */ = {isa = PBXFileReference; lastKnownFileType = folder.assetcatalog; path = Assets.xcassets; sourceTree = "<group>"; };
		E77EF796283466FB008F1204 /* Habit+.app */ = {isa = PBXFileReference; explicitFileType = wrapper.application; includeInIndex = 0; path = "Habit+.app"; sourceTree = BUILT_PRODUCTS_DIR; };
		E77EF79C283466FB008F1204 /* Habit+.app */ = {isa = PBXFileReference; explicitFileType = wrapper.application; includeInIndex = 0; path = "Habit+.app"; sourceTree = BUILT_PRODUCTS_DIR; };
		E77EF79E283466FB008F1204 /* macOS.entitlements */ = {isa = PBXFileReference; lastKnownFileType = text.plist.entitlements; path = macOS.entitlements; sourceTree = "<group>"; };
		E77EF7B128346801008F1204 /* SplashView.swift */ = {isa = PBXFileReference; lastKnownFileType = sourcecode.swift; path = SplashView.swift; sourceTree = "<group>"; };
		E77EF7B3283468F4008F1204 /* SplashUIState.swift */ = {isa = PBXFileReference; lastKnownFileType = sourcecode.swift; path = SplashUIState.swift; sourceTree = "<group>"; };
		E7AF60D128356D33008FA495 /* SignInView.swift */ = {isa = PBXFileReference; lastKnownFileType = sourcecode.swift; path = SignInView.swift; sourceTree = "<group>"; };
		E7AF60D328356DA0008FA495 /* SignInViewModel.swift */ = {isa = PBXFileReference; lastKnownFileType = sourcecode.swift; path = SignInViewModel.swift; sourceTree = "<group>"; };
		E7AF60D528356E94008FA495 /* SplashViewRouter.swift */ = {isa = PBXFileReference; lastKnownFileType = sourcecode.swift; path = SplashViewRouter.swift; sourceTree = "<group>"; };
/* End PBXFileReference section */

/* Begin PBXFrameworksBuildPhase section */
		E77EF793283466FB008F1204 /* Frameworks */ = {
			isa = PBXFrameworksBuildPhase;
			buildActionMask = 2147483647;
			files = (
			);
			runOnlyForDeploymentPostprocessing = 0;
		};
		E77EF799283466FB008F1204 /* Frameworks */ = {
			isa = PBXFrameworksBuildPhase;
			buildActionMask = 2147483647;
			files = (
			);
			runOnlyForDeploymentPostprocessing = 0;
		};
/* End PBXFrameworksBuildPhase section */

/* Begin PBXGroup section */
		E7541291283509BD0050D7E8 /* ViewModel */ = {
			isa = PBXGroup;
			children = (
				E7541292283509EE0050D7E8 /* SplashViewModel.swift */,
				E7AF60D528356E94008FA495 /* SplashViewRouter.swift */,
			);
			path = ViewModel;
			sourceTree = "<group>";
		};
		E77EF789283466FA008F1204 = {
			isa = PBXGroup;
			children = (
				E77EF78E283466FA008F1204 /* Shared */,
				E77EF79D283466FB008F1204 /* macOS */,
				E77EF797283466FB008F1204 /* Products */,
			);
			sourceTree = "<group>";
		};
		E77EF78E283466FA008F1204 /* Shared */ = {
			isa = PBXGroup;
			children = (
				E7AF60CD28356CCE008FA495 /* SignIn */,
				E77EF7AD28346796008F1204 /* Splash */,
				E77EF78F283466FA008F1204 /* Habit_App.swift */,
				E77EF791283466FB008F1204 /* Assets.xcassets */,
			);
			path = Shared;
			sourceTree = "<group>";
		};
		E77EF797283466FB008F1204 /* Products */ = {
			isa = PBXGroup;
			children = (
				E77EF796283466FB008F1204 /* Habit+.app */,
				E77EF79C283466FB008F1204 /* Habit+.app */,
			);
			name = Products;
			sourceTree = "<group>";
		};
		E77EF79D283466FB008F1204 /* macOS */ = {
			isa = PBXGroup;
			children = (
				E77EF79E283466FB008F1204 /* macOS.entitlements */,
			);
			path = macOS;
			sourceTree = "<group>";
		};
		E77EF7AD28346796008F1204 /* Splash */ = {
			isa = PBXGroup;
			children = (
				E7541291283509BD0050D7E8 /* ViewModel */,
				E77EF7AF283467B3008F1204 /* Model */,
				E77EF7AE283467AB008F1204 /* View */,
			);
			path = Splash;
			sourceTree = "<group>";
		};
		E77EF7AE283467AB008F1204 /* View */ = {
			isa = PBXGroup;
			children = (
				E77EF7B128346801008F1204 /* SplashView.swift */,
			);
			path = View;
			sourceTree = "<group>";
		};
		E77EF7AF283467B3008F1204 /* Model */ = {
			isa = PBXGroup;
			children = (
				E77EF7B3283468F4008F1204 /* SplashUIState.swift */,
			);
			path = Model;
			sourceTree = "<group>";
		};
		E7AF60CD28356CCE008FA495 /* SignIn */ = {
			isa = PBXGroup;
			children = (
				E7AF60D028356CE9008FA495 /* View */,
				E7AF60CE28356CD5008FA495 /* ViewModel */,
				E7AF60CF28356CE3008FA495 /* Model */,
			);
			path = SignIn;
			sourceTree = "<group>";
		};
		E7AF60CE28356CD5008FA495 /* ViewModel */ = {
			isa = PBXGroup;
			children = (
				E7AF60D328356DA0008FA495 /* SignInViewModel.swift */,
			);
			path = ViewModel;
			sourceTree = "<group>";
		};
		E7AF60CF28356CE3008FA495 /* Model */ = {
			isa = PBXGroup;
			children = (
			);
			path = Model;
			sourceTree = "<group>";
		};
		E7AF60D028356CE9008FA495 /* View */ = {
			isa = PBXGroup;
			children = (
				E7AF60D128356D33008FA495 /* SignInView.swift */,
			);
			path = View;
			sourceTree = "<group>";
		};
/* End PBXGroup section */

/* Begin PBXNativeTarget section */
		E77EF795283466FB008F1204 /* Habit+ (iOS) */ = {
			isa = PBXNativeTarget;
			buildConfigurationList = E77EF7A7283466FB008F1204 /* Build configuration list for PBXNativeTarget "Habit+ (iOS)" */;
			buildPhases = (
				E77EF792283466FB008F1204 /* Sources */,
				E77EF793283466FB008F1204 /* Frameworks */,
				E77EF794283466FB008F1204 /* Resources */,
			);
			buildRules = (
			);
			dependencies = (
			);
			name = "Habit+ (iOS)";
			productName = "Habit+ (iOS)";
			productReference = E77EF796283466FB008F1204 /* Habit+.app */;
			productType = "com.apple.product-type.application";
		};
		E77EF79B283466FB008F1204 /* Habit+ (macOS) */ = {
			isa = PBXNativeTarget;
			buildConfigurationList = E77EF7AA283466FB008F1204 /* Build configuration list for PBXNativeTarget "Habit+ (macOS)" */;
			buildPhases = (
				E77EF798283466FB008F1204 /* Sources */,
				E77EF799283466FB008F1204 /* Frameworks */,
				E77EF79A283466FB008F1204 /* Resources */,
			);
			buildRules = (
			);
			dependencies = (
			);
			name = "Habit+ (macOS)";
			productName = "Habit+ (macOS)";
			productReference = E77EF79C283466FB008F1204 /* Habit+.app */;
			productType = "com.apple.product-type.application";
		};
/* End PBXNativeTarget section */

/* Begin PBXProject section */
		E77EF78A283466FA008F1204 /* Project object */ = {
			isa = PBXProject;
			attributes = {
				BuildIndependentTargetsInParallel = 1;
				LastSwiftUpdateCheck = 1340;
				LastUpgradeCheck = 1340;
				TargetAttributes = {
					E77EF795283466FB008F1204 = {
						CreatedOnToolsVersion = 13.4;
					};
					E77EF79B283466FB008F1204 = {
						CreatedOnToolsVersion = 13.4;
					};
				};
			};
			buildConfigurationList = E77EF78D283466FA008F1204 /* Build configuration list for PBXProject "Habit+" */;
			compatibilityVersion = "Xcode 13.0";
			developmentRegion = en;
			hasScannedForEncodings = 0;
			knownRegions = (
				en,
				Base,
			);
			mainGroup = E77EF789283466FA008F1204;
			productRefGroup = E77EF797283466FB008F1204 /* Products */;
			projectDirPath = "";
			projectRoot = "";
			targets = (
				E77EF795283466FB008F1204 /* Habit+ (iOS) */,
				E77EF79B283466FB008F1204 /* Habit+ (macOS) */,
			);
		};
/* End PBXProject section */

/* Begin PBXResourcesBuildPhase section */
		E77EF794283466FB008F1204 /* Resources */ = {
			isa = PBXResourcesBuildPhase;
			buildActionMask = 2147483647;
			files = (
				E77EF7A3283466FB008F1204 /* Assets.xcassets in Resources */,
			);
			runOnlyForDeploymentPostprocessing = 0;
		};
		E77EF79A283466FB008F1204 /* Resources */ = {
			isa = PBXResourcesBuildPhase;
			buildActionMask = 2147483647;
			files = (
				E77EF7A4283466FB008F1204 /* Assets.xcassets in Resources */,
			);
			runOnlyForDeploymentPostprocessing = 0;
		};
/* End PBXResourcesBuildPhase section */

/* Begin PBXSourcesBuildPhase section */
		E77EF792283466FB008F1204 /* Sources */ = {
			isa = PBXSourcesBuildPhase;
			buildActionMask = 2147483647;
			files = (
				E77EF7B4283468F4008F1204 /* SplashUIState.swift in Sources */,
				E77EF79F283466FB008F1204 /* Habit_App.swift in Sources */,
				E7AF60D428356DA0008FA495 /* SignInViewModel.swift in Sources */,
				E77EF7B228346801008F1204 /* SplashView.swift in Sources */,
				E7541293283509EE0050D7E8 /* SplashViewModel.swift in Sources */,
				E7AF60D628356E94008FA495 /* SplashViewRouter.swift in Sources */,
				E7AF60D228356D33008FA495 /* SignInView.swift in Sources */,
			);
			runOnlyForDeploymentPostprocessing = 0;
		};
		E77EF798283466FB008F1204 /* Sources */ = {
			isa = PBXSourcesBuildPhase;
			buildActionMask = 2147483647;
			files = (
				E77EF7A0283466FB008F1204 /* Habit_App.swift in Sources */,
			);
			runOnlyForDeploymentPostprocessing = 0;
		};
/* End PBXSourcesBuildPhase section */

/* Begin XCBuildConfiguration section */
		E77EF7A5283466FB008F1204 /* Debug */ = {
			isa = XCBuildConfiguration;
			buildSettings = {
				ALWAYS_SEARCH_USER_PATHS = NO;
				CLANG_ANALYZER_NONNULL = YES;
				CLANG_ANALYZER_NUMBER_OBJECT_CONVERSION = YES_AGGRESSIVE;
				CLANG_CXX_LANGUAGE_STANDARD = "gnu++17";
				CLANG_ENABLE_MODULES = YES;
				CLANG_ENABLE_OBJC_ARC = YES;
				CLANG_ENABLE_OBJC_WEAK = YES;
				CLANG_WARN_BLOCK_CAPTURE_AUTORELEASING = YES;
				CLANG_WARN_BOOL_CONVERSION = YES;
				CLANG_WARN_COMMA = YES;
				CLANG_WARN_CONSTANT_CONVERSION = YES;
				CLANG_WARN_DEPRECATED_OBJC_IMPLEMENTATIONS = YES;
				CLANG_WARN_DIRECT_OBJC_ISA_USAGE = YES_ERROR;
				CLANG_WARN_DOCUMENTATION_COMMENTS = YES;
				CLANG_WARN_EMPTY_BODY = YES;
				CLANG_WARN_ENUM_CONVERSION = YES;
				CLANG_WARN_INFINITE_RECURSION = YES;
				CLANG_WARN_INT_CONVERSION = YES;
				CLANG_WARN_NON_LITERAL_NULL_CONVERSION = YES;
				CLANG_WARN_OBJC_IMPLICIT_RETAIN_SELF = YES;
				CLANG_WARN_OBJC_LITERAL_CONVERSION = YES;
				CLANG_WARN_OBJC_ROOT_CLASS = YES_ERROR;
				CLANG_WARN_QUOTED_INCLUDE_IN_FRAMEWORK_HEADER = YES;
				CLANG_WARN_RANGE_LOOP_ANALYSIS = YES;
				CLANG_WARN_STRICT_PROTOTYPES = YES;
				CLANG_WARN_SUSPICIOUS_MOVE = YES;
				CLANG_WARN_UNGUARDED_AVAILABILITY = YES_AGGRESSIVE;
				CLANG_WARN_UNREACHABLE_CODE = YES;
				CLANG_WARN__DUPLICATE_METHOD_MATCH = YES;
				COPY_PHASE_STRIP = NO;
				DEBUG_INFORMATION_FORMAT = dwarf;
				ENABLE_STRICT_OBJC_MSGSEND = YES;
				ENABLE_TESTABILITY = YES;
				GCC_C_LANGUAGE_STANDARD = gnu11;
				GCC_DYNAMIC_NO_PIC = NO;
				GCC_NO_COMMON_BLOCKS = YES;
				GCC_OPTIMIZATION_LEVEL = 0;
				GCC_PREPROCESSOR_DEFINITIONS = (
					"DEBUG=1",
					"$(inherited)",
				);
				GCC_WARN_64_TO_32_BIT_CONVERSION = YES;
				GCC_WARN_ABOUT_RETURN_TYPE = YES_ERROR;
				GCC_WARN_UNDECLARED_SELECTOR = YES;
				GCC_WARN_UNINITIALIZED_AUTOS = YES_AGGRESSIVE;
				GCC_WARN_UNUSED_FUNCTION = YES;
				GCC_WARN_UNUSED_VARIABLE = YES;
				MTL_ENABLE_DEBUG_INFO = INCLUDE_SOURCE;
				MTL_FAST_MATH = YES;
				ONLY_ACTIVE_ARCH = YES;
				SWIFT_ACTIVE_COMPILATION_CONDITIONS = DEBUG;
				SWIFT_OPTIMIZATION_LEVEL = "-Onone";
			};
			name = Debug;
		};
		E77EF7A6283466FB008F1204 /* Release */ = {
			isa = XCBuildConfiguration;
			buildSettings = {
				ALWAYS_SEARCH_USER_PATHS = NO;
				CLANG_ANALYZER_NONNULL = YES;
				CLANG_ANALYZER_NUMBER_OBJECT_CONVERSION = YES_AGGRESSIVE;
				CLANG_CXX_LANGUAGE_STANDARD = "gnu++17";
				CLANG_ENABLE_MODULES = YES;
				CLANG_ENABLE_OBJC_ARC = YES;
				CLANG_ENABLE_OBJC_WEAK = YES;
				CLANG_WARN_BLOCK_CAPTURE_AUTORELEASING = YES;
				CLANG_WARN_BOOL_CONVERSION = YES;
				CLANG_WARN_COMMA = YES;
				CLANG_WARN_CONSTANT_CONVERSION = YES;
				CLANG_WARN_DEPRECATED_OBJC_IMPLEMENTATIONS = YES;
				CLANG_WARN_DIRECT_OBJC_ISA_USAGE = YES_ERROR;
				CLANG_WARN_DOCUMENTATION_COMMENTS = YES;
				CLANG_WARN_EMPTY_BODY = YES;
				CLANG_WARN_ENUM_CONVERSION = YES;
				CLANG_WARN_INFINITE_RECURSION = YES;
				CLANG_WARN_INT_CONVERSION = YES;
				CLANG_WARN_NON_LITERAL_NULL_CONVERSION = YES;
				CLANG_WARN_OBJC_IMPLICIT_RETAIN_SELF = YES;
				CLANG_WARN_OBJC_LITERAL_CONVERSION = YES;
				CLANG_WARN_OBJC_ROOT_CLASS = YES_ERROR;
				CLANG_WARN_QUOTED_INCLUDE_IN_FRAMEWORK_HEADER = YES;
				CLANG_WARN_RANGE_LOOP_ANALYSIS = YES;
				CLANG_WARN_STRICT_PROTOTYPES = YES;
				CLANG_WARN_SUSPICIOUS_MOVE = YES;
				CLANG_WARN_UNGUARDED_AVAILABILITY = YES_AGGRESSIVE;
				CLANG_WARN_UNREACHABLE_CODE = YES;
				CLANG_WARN__DUPLICATE_METHOD_MATCH = YES;
				COPY_PHASE_STRIP = NO;
				DEBUG_INFORMATION_FORMAT = "dwarf-with-dsym";
				ENABLE_NS_ASSERTIONS = NO;
				ENABLE_STRICT_OBJC_MSGSEND = YES;
				GCC_C_LANGUAGE_STANDARD = gnu11;
				GCC_NO_COMMON_BLOCKS = YES;
				GCC_WARN_64_TO_32_BIT_CONVERSION = YES;
				GCC_WARN_ABOUT_RETURN_TYPE = YES_ERROR;
				GCC_WARN_UNDECLARED_SELECTOR = YES;
				GCC_WARN_UNINITIALIZED_AUTOS = YES_AGGRESSIVE;
				GCC_WARN_UNUSED_FUNCTION = YES;
				GCC_WARN_UNUSED_VARIABLE = YES;
				MTL_ENABLE_DEBUG_INFO = NO;
				MTL_FAST_MATH = YES;
				SWIFT_COMPILATION_MODE = wholemodule;
				SWIFT_OPTIMIZATION_LEVEL = "-O";
			};
			name = Release;
		};
		E77EF7A8283466FB008F1204 /* Debug */ = {
			isa = XCBuildConfiguration;
			buildSettings = {
				ASSETCATALOG_COMPILER_APPICON_NAME = AppIcon;
				ASSETCATALOG_COMPILER_GLOBAL_ACCENT_COLOR_NAME = AccentColor;
				CODE_SIGN_STYLE = Automatic;
				CURRENT_PROJECT_VERSION = 1;
				DEVELOPMENT_TEAM = 6SQT2L5PL4;
				ENABLE_PREVIEWS = YES;
				GENERATE_INFOPLIST_FILE = YES;
				INFOPLIST_KEY_UIApplicationSceneManifest_Generation = YES;
				INFOPLIST_KEY_UIApplicationSupportsIndirectInputEvents = YES;
				INFOPLIST_KEY_UILaunchScreen_Generation = YES;
				INFOPLIST_KEY_UISupportedInterfaceOrientations_iPad = "UIInterfaceOrientationPortrait UIInterfaceOrientationPortraitUpsideDown UIInterfaceOrientationLandscapeLeft UIInterfaceOrientationLandscapeRight";
				INFOPLIST_KEY_UISupportedInterfaceOrientations_iPhone = "UIInterfaceOrientationPortrait UIInterfaceOrientationLandscapeLeft UIInterfaceOrientationLandscapeRight";
				IPHONEOS_DEPLOYMENT_TARGET = 15.5;
				LD_RUNPATH_SEARCH_PATHS = (
					"$(inherited)",
					"@executable_path/Frameworks",
				);
				MARKETING_VERSION = 1.0;
				PRODUCT_BUNDLE_IDENTIFIER = "co.antoniovuono.Habit-";
				PRODUCT_NAME = "Habit+";
				SDKROOT = iphoneos;
				SWIFT_EMIT_LOC_STRINGS = YES;
				SWIFT_VERSION = 5.0;
				TARGETED_DEVICE_FAMILY = "1,2";
			};
			name = Debug;
		};
		E77EF7A9283466FB008F1204 /* Release */ = {
			isa = XCBuildConfiguration;
			buildSettings = {
				ASSETCATALOG_COMPILER_APPICON_NAME = AppIcon;
				ASSETCATALOG_COMPILER_GLOBAL_ACCENT_COLOR_NAME = AccentColor;
				CODE_SIGN_STYLE = Automatic;
				CURRENT_PROJECT_VERSION = 1;
				DEVELOPMENT_TEAM = 6SQT2L5PL4;
				ENABLE_PREVIEWS = YES;
				GENERATE_INFOPLIST_FILE = YES;
				INFOPLIST_KEY_UIApplicationSceneManifest_Generation = YES;
				INFOPLIST_KEY_UIApplicationSupportsIndirectInputEvents = YES;
				INFOPLIST_KEY_UILaunchScreen_Generation = YES;
				INFOPLIST_KEY_UISupportedInterfaceOrientations_iPad = "UIInterfaceOrientationPortrait UIInterfaceOrientationPortraitUpsideDown UIInterfaceOrientationLandscapeLeft UIInterfaceOrientationLandscapeRight";
				INFOPLIST_KEY_UISupportedInterfaceOrientations_iPhone = "UIInterfaceOrientationPortrait UIInterfaceOrientationLandscapeLeft UIInterfaceOrientationLandscapeRight";
				IPHONEOS_DEPLOYMENT_TARGET = 15.5;
				LD_RUNPATH_SEARCH_PATHS = (
					"$(inherited)",
					"@executable_path/Frameworks",
				);
				MARKETING_VERSION = 1.0;
				PRODUCT_BUNDLE_IDENTIFIER = "co.antoniovuono.Habit-";
				PRODUCT_NAME = "Habit+";
				SDKROOT = iphoneos;
				SWIFT_EMIT_LOC_STRINGS = YES;
				SWIFT_VERSION = 5.0;
				TARGETED_DEVICE_FAMILY = "1,2";
				VALIDATE_PRODUCT = YES;
			};
			name = Release;
		};
		E77EF7AB283466FB008F1204 /* Debug */ = {
			isa = XCBuildConfiguration;
			buildSettings = {
				ASSETCATALOG_COMPILER_APPICON_NAME = AppIcon;
				ASSETCATALOG_COMPILER_GLOBAL_ACCENT_COLOR_NAME = AccentColor;
				CODE_SIGN_ENTITLEMENTS = macOS/macOS.entitlements;
				CODE_SIGN_STYLE = Automatic;
				COMBINE_HIDPI_IMAGES = YES;
				CURRENT_PROJECT_VERSION = 1;
				DEVELOPMENT_TEAM = 6SQT2L5PL4;
				ENABLE_HARDENED_RUNTIME = YES;
				ENABLE_PREVIEWS = YES;
				GENERATE_INFOPLIST_FILE = YES;
				INFOPLIST_KEY_NSHumanReadableCopyright = "";
				LD_RUNPATH_SEARCH_PATHS = (
					"$(inherited)",
					"@executable_path/../Frameworks",
				);
				MACOSX_DEPLOYMENT_TARGET = 12.3;
				MARKETING_VERSION = 1.0;
				PRODUCT_BUNDLE_IDENTIFIER = "co.antoniovuono.Habit-";
				PRODUCT_NAME = "Habit+";
				SDKROOT = macosx;
				SWIFT_EMIT_LOC_STRINGS = YES;
				SWIFT_VERSION = 5.0;
			};
			name = Debug;
		};
		E77EF7AC283466FB008F1204 /* Release */ = {
			isa = XCBuildConfiguration;
			buildSettings = {
				ASSETCATALOG_COMPILER_APPICON_NAME = AppIcon;
				ASSETCATALOG_COMPILER_GLOBAL_ACCENT_COLOR_NAME = AccentColor;
				CODE_SIGN_ENTITLEMENTS = macOS/macOS.entitlements;
				CODE_SIGN_STYLE = Automatic;
				COMBINE_HIDPI_IMAGES = YES;
				CURRENT_PROJECT_VERSION = 1;
				DEVELOPMENT_TEAM = 6SQT2L5PL4;
				ENABLE_HARDENED_RUNTIME = YES;
				ENABLE_PREVIEWS = YES;
				GENERATE_INFOPLIST_FILE = YES;
				INFOPLIST_KEY_NSHumanReadableCopyright = "";
				LD_RUNPATH_SEARCH_PATHS = (
					"$(inherited)",
					"@executable_path/../Frameworks",
				);
				MACOSX_DEPLOYMENT_TARGET = 12.3;
				MARKETING_VERSION = 1.0;
				PRODUCT_BUNDLE_IDENTIFIER = "co.antoniovuono.Habit-";
				PRODUCT_NAME = "Habit+";
				SDKROOT = macosx;
				SWIFT_EMIT_LOC_STRINGS = YES;
				SWIFT_VERSION = 5.0;
			};
			name = Release;
		};
/* End XCBuildConfiguration section */

/* Begin XCConfigurationList section */
		E77EF78D283466FA008F1204 /* Build configuration list for PBXProject "Habit+" */ = {
			isa = XCConfigurationList;
			buildConfigurations = (
				E77EF7A5283466FB008F1204 /* Debug */,
				E77EF7A6283466FB008F1204 /* Release */,
			);
			defaultConfigurationIsVisible = 0;
			defaultConfigurationName = Release;
		};
		E77EF7A7283466FB008F1204 /* Build configuration list for PBXNativeTarget "Habit+ (iOS)" */ = {
			isa = XCConfigurationList;
			buildConfigurations = (
				E77EF7A8283466FB008F1204 /* Debug */,
				E77EF7A9283466FB008F1204 /* Release */,
			);
			defaultConfigurationIsVisible = 0;
			defaultConfigurationName = Release;
		};
		E77EF7AA283466FB008F1204 /* Build configuration list for PBXNativeTarget "Habit+ (macOS)" */ = {
			isa = XCConfigurationList;
			buildConfigurations = (
				E77EF7AB283466FB008F1204 /* Debug */,
				E77EF7AC283466FB008F1204 /* Release */,
			);
			defaultConfigurationIsVisible = 0;
			defaultConfigurationName = Release;
		};
/* End XCConfigurationList section */
	};
	rootObject = E77EF78A283466FA008F1204 /* Project object */;
}
